
Microsoft Visual Studio Solution File, Format Version 12.00
# Visual Studio Version 17
VisualStudioVersion = 17.0.31903.59
MinimumVisualStudioVersion = 10.0.40219.1
Project("{FAE04EC0-301F-11D3-BF4B-00C04F79EFBC}") = "Dexter", "src/Dexter/Dexter.csproj", "{4902F320-8549-4534-A2FC-F602FCA6059D}"
EndProject
Project("{FAE04EC0-301F-11D3-BF4B-00C04F79EFBC}") = "Dexter.Tests", "tests\Dexter.Tests\Dexter.Tests.csproj", "{F4BB4A3A-9737-4365-BE98-E4D7A0C323B8}"
EndProject
Project("{FAE04EC0-301F-11D3-BF4B-00C04F79EFBC}") = "Dexter.Cli", "src\Dexter.Cli\Dexter.Cli.csproj", "{AE751F06-9A80-41AE-8F04-8B77D3C86D68}"
EndProject
Global
	GlobalSection(SolutionConfigurationPlatforms) = preSolution
		Debug|Any CPU = Debug|Any CPU
		Release|Any CPU = Release|Any CPU
	EndGlobalSection
	GlobalSection(SolutionProperties) = preSolution
		HideSolutionNode = FALSE
	EndGlobalSection
	GlobalSection(ProjectConfigurationPlatforms) = postSolution
		{4902F320-8549-4534-A2FC-F602FCA6059D}.Debug|Any CPU.ActiveCfg = Debug|Any CPU
		{4902F320-8549-4534-A2FC-F602FCA6059D}.Debug|Any CPU.Build.0 = Debug|Any CPU
		{4902F320-8549-4534-A2FC-F602FCA6059D}.Release|Any CPU.ActiveCfg = Release|Any CPU
		{4902F320-8549-4534-A2FC-F602FCA6059D}.Release|Any CPU.Build.0 = Release|Any CPU
		{F4BB4A3A-9737-4365-BE98-E4D7A0C323B8}.Debug|Any CPU.ActiveCfg = Debug|Any CPU
		{F4BB4A3A-9737-4365-BE98-E4D7A0C323B8}.Debug|Any CPU.Build.0 = Debug|Any CPU
		{F4BB4A3A-9737-4365-BE98-E4D7A0C323B8}.Release|Any CPU.ActiveCfg = Release|Any CPU
		{F4BB4A3A-9737-4365-BE98-E4D7A0C323B8}.Release|Any CPU.Build.0 = Release|Any CPU
		{AE751F06-9A80-41AE-8F04-8B77D3C86D68}.Debug|Any CPU.ActiveCfg = Debug|Any CPU
		{AE751F06-9A80-41AE-8F04-8B77D3C86D68}.Debug|Any CPU.Build.0 = Debug|Any CPU
		{AE751F06-9A80-41AE-8F04-8B77D3C86D68}.Release|Any CPU.ActiveCfg = Release|Any CPU
		{AE751F06-9A80-41AE-8F04-8B77D3C86D68}.Release|Any CPU.Build.0 = Release|Any CPU
	EndGlobalSection
EndGlobal
