
Microsoft Visual Studio Solution File, Format Version 12.00
# Visual Studio Version 17
VisualStudioVersion = 17.0.31903.59
MinimumVisualStudioVersion = 10.0.40219.1
Project("{FAE04EC0-301F-11D3-BF4B-00C04F79EFBC}") = "Learning.MT", "src\Learning.MT\Learning.MT.csproj", "{EE9D4408-8CA6-4096-8480-EFD537585E93}"
EndProject
Project("{2150E333-8FDC-42A3-9474-1A3956D46DE8}") = "_ops", "_ops", "{1192A67D-5A7F-4333-AC3A-F30C72503FE1}"
	ProjectSection(SolutionItems) = preProject
		docker-compose.yml = docker-compose.yml
	EndProjectSection
EndProject
Project("{FAE04EC0-301F-11D3-BF4B-00C04F79EFBC}") = "SampleDbTransport", "src\SampleDbTransport\SampleDbTransport.csproj", "{440DF06C-3DE8-4794-BB9E-D1921D00919D}"
EndProject
Project("{FAE04EC0-301F-11D3-BF4B-00C04F79EFBC}") = "SampleSagas", "src\SampleSagas\SampleSagas.csproj", "{B38F3BF9-B677-48FA-AD6E-16D569D2EC8C}"
EndProject
Project("{FAE04EC0-301F-11D3-BF4B-00C04F79EFBC}") = "SampleDbJobs", "src\SampleDbJobs\SampleDbJobs.csproj", "{FA567A29-DABD-477C-A897-FBE3663CED87}"
EndProject
Global
	GlobalSection(SolutionConfigurationPlatforms) = preSolution
		Debug|Any CPU = Debug|Any CPU
		Release|Any CPU = Release|Any CPU
	EndGlobalSection
	GlobalSection(SolutionProperties) = preSolution
		HideSolutionNode = FALSE
	EndGlobalSection
	GlobalSection(ProjectConfigurationPlatforms) = postSolution
		{EE9D4408-8CA6-4096-8480-EFD537585E93}.Debug|Any CPU.ActiveCfg = Debug|Any CPU
		{EE9D4408-8CA6-4096-8480-EFD537585E93}.Debug|Any CPU.Build.0 = Debug|Any CPU
		{EE9D4408-8CA6-4096-8480-EFD537585E93}.Release|Any CPU.ActiveCfg = Release|Any CPU
		{EE9D4408-8CA6-4096-8480-EFD537585E93}.Release|Any CPU.Build.0 = Release|Any CPU
		{440DF06C-3DE8-4794-BB9E-D1921D00919D}.Debug|Any CPU.ActiveCfg = Debug|Any CPU
		{440DF06C-3DE8-4794-BB9E-D1921D00919D}.Debug|Any CPU.Build.0 = Debug|Any CPU
		{440DF06C-3DE8-4794-BB9E-D1921D00919D}.Release|Any CPU.ActiveCfg = Release|Any CPU
		{440DF06C-3DE8-4794-BB9E-D1921D00919D}.Release|Any CPU.Build.0 = Release|Any CPU
		{B38F3BF9-B677-48FA-AD6E-16D569D2EC8C}.Debug|Any CPU.ActiveCfg = Debug|Any CPU
		{B38F3BF9-B677-48FA-AD6E-16D569D2EC8C}.Debug|Any CPU.Build.0 = Debug|Any CPU
		{B38F3BF9-B677-48FA-AD6E-16D569D2EC8C}.Release|Any CPU.ActiveCfg = Release|Any CPU
		{B38F3BF9-B677-48FA-AD6E-16D569D2EC8C}.Release|Any CPU.Build.0 = Release|Any CPU
		{FA567A29-DABD-477C-A897-FBE3663CED87}.Debug|Any CPU.ActiveCfg = Debug|Any CPU
		{FA567A29-DABD-477C-A897-FBE3663CED87}.Debug|Any CPU.Build.0 = Debug|Any CPU
		{FA567A29-DABD-477C-A897-FBE3663CED87}.Release|Any CPU.ActiveCfg = Release|Any CPU
		{FA567A29-DABD-477C-A897-FBE3663CED87}.Release|Any CPU.Build.0 = Release|Any CPU
	EndGlobalSection
EndGlobal
