
Microsoft Visual Studio Solution File, Format Version 12.00
# Visual Studio Version 17
VisualStudioVersion = 17.0.31903.59
MinimumVisualStudioVersion = 10.0.40219.1
Project("{FAE04EC0-301F-11D3-BF4B-00C04F79EFBC}") = "CoreRazorPages", "CoreRazorPages\CoreRazorPages.csproj", "{F3F0AEC5-CB38-434E-A186-817960CE4EB4}"
EndProject
Project("{FAE04EC0-301F-11D3-BF4B-00C04F79EFBC}") = "CoreRazorViews", "CoreRazorViews\CoreRazorViews.csproj", "{4E7F204E-B0C5-47FA-AFC7-71713B330612}"
EndProject
Global
	GlobalSection(SolutionConfigurationPlatforms) = preSolution
		Debug|Any CPU = Debug|Any CPU
		Release|Any CPU = Release|Any CPU
	EndGlobalSection
	GlobalSection(SolutionProperties) = preSolution
		HideSolutionNode = FALSE
	EndGlobalSection
	GlobalSection(ProjectConfigurationPlatforms) = postSolution
		{F3F0AEC5-CB38-434E-A186-817960CE4EB4}.Debug|Any CPU.ActiveCfg = Debug|Any CPU
		{F3F0AEC5-CB38-434E-A186-817960CE4EB4}.Debug|Any CPU.Build.0 = Debug|Any CPU
		{F3F0AEC5-CB38-434E-A186-817960CE4EB4}.Release|Any CPU.ActiveCfg = Release|Any CPU
		{F3F0AEC5-CB38-434E-A186-817960CE4EB4}.Release|Any CPU.Build.0 = Release|Any CPU
		{4E7F204E-B0C5-47FA-AFC7-71713B330612}.Debug|Any CPU.ActiveCfg = Debug|Any CPU
		{4E7F204E-B0C5-47FA-AFC7-71713B330612}.Debug|Any CPU.Build.0 = Debug|Any CPU
		{4E7F204E-B0C5-47FA-AFC7-71713B330612}.Release|Any CPU.ActiveCfg = Release|Any CPU
		{4E7F204E-B0C5-47FA-AFC7-71713B330612}.Release|Any CPU.Build.0 = Release|Any CPU
	EndGlobalSection
EndGlobal
